// !$*UTF8*$!
{
	archiveVersion = 1;
	classes = {
	};
	objectVersion = 56;
	objects = {

/* Begin PBXBuildFile section */
		11091D7B2A2B5A7E00101394 /* RequestTool.swift in Sources */ = {isa = PBXBuildFile; fileRef = 11091D7A2A2B5A7E00101394 /* RequestTool.swift */; };
		110D2C672A27385B00511782 /* BeerButton.swift in Sources */ = {isa = PBXBuildFile; fileRef = 110D2C662A27385B00511782 /* BeerButton.swift */; };
		110D2C6B2A27436900511782 /* BeerTxtField.swift in Sources */ = {isa = PBXBuildFile; fileRef = 110D2C6A2A27436900511782 /* BeerTxtField.swift */; };
		110D2C6E2A27624C00511782 /* UIViewControllerExt.swift in Sources */ = {isa = PBXBuildFile; fileRef = 110D2C6D2A27624C00511782 /* UIViewControllerExt.swift */; };
		110D2C712A279C5200511782 /* BeersTitleLabel.swift in Sources */ = {isa = PBXBuildFile; fileRef = 110D2C702A279C5200511782 /* BeersTitleLabel.swift */; };
		110D2C732A279D6F00511782 /* BeersBodyLabel.swift in Sources */ = {isa = PBXBuildFile; fileRef = 110D2C722A279D6F00511782 /* BeersBodyLabel.swift */; };
		110D2C782A27AC7300511782 /* BeersAlertVC.swift in Sources */ = {isa = PBXBuildFile; fileRef = 110D2C772A27AC7300511782 /* BeersAlertVC.swift */; };
		110D2C7B2A27AE1600511782 /* BeersAlertContainerView.swift in Sources */ = {isa = PBXBuildFile; fileRef = 110D2C7A2A27AE1600511782 /* BeersAlertContainerView.swift */; };
		110D2C7F2A288BFF00511782 /* BeerModel.swift in Sources */ = {isa = PBXBuildFile; fileRef = 110D2C7E2A288BFF00511782 /* BeerModel.swift */; };
		110D2C822A28B4D500511782 /* ApiError.swift in Sources */ = {isa = PBXBuildFile; fileRef = 110D2C812A28B4D500511782 /* ApiError.swift */; };
		110D2C862A28B80A00511782 /* BeersDataModel.xcdatamodeld in Sources */ = {isa = PBXBuildFile; fileRef = 110D2C842A28B80A00511782 /* BeersDataModel.xcdatamodeld */; };
		110D2C882A28BAA500511782 /* BeersWorker.swift in Sources */ = {isa = PBXBuildFile; fileRef = 110D2C872A28BAA500511782 /* BeersWorker.swift */; };
		1195ACE82A24F5E200C02F28 /* AppDelegate.swift in Sources */ = {isa = PBXBuildFile; fileRef = 1195ACE72A24F5E200C02F28 /* AppDelegate.swift */; };
		1195ACEA2A24F5E200C02F28 /* SceneDelegate.swift in Sources */ = {isa = PBXBuildFile; fileRef = 1195ACE92A24F5E200C02F28 /* SceneDelegate.swift */; };
		1195ACF42A24F5E500C02F28 /* Assets.xcassets in Resources */ = {isa = PBXBuildFile; fileRef = 1195ACF32A24F5E500C02F28 /* Assets.xcassets */; };
		1195ACF72A24F5E500C02F28 /* LaunchScreen.storyboard in Resources */ = {isa = PBXBuildFile; fileRef = 1195ACF52A24F5E500C02F28 /* LaunchScreen.storyboard */; };
		1195AD022A24F5E500C02F28 /* VIP_01_BeersTests.swift in Sources */ = {isa = PBXBuildFile; fileRef = 1195AD012A24F5E500C02F28 /* VIP_01_BeersTests.swift */; };
		1195AD0C2A24F5E500C02F28 /* VIP_01_BeersUITests.swift in Sources */ = {isa = PBXBuildFile; fileRef = 1195AD0B2A24F5E500C02F28 /* VIP_01_BeersUITests.swift */; };
		1195AD0E2A24F5E500C02F28 /* VIP_01_BeersUITestsLaunchTests.swift in Sources */ = {isa = PBXBuildFile; fileRef = 1195AD0D2A24F5E500C02F28 /* VIP_01_BeersUITestsLaunchTests.swift */; };
		11961C3E2A2A52430089DEDB /* BeerDetailsModel.swift in Sources */ = {isa = PBXBuildFile; fileRef = 11961C3D2A2A52430089DEDB /* BeerDetailsModel.swift */; };
		11B44B242A25FB5C001A0A59 /* BeersCollectionPresenter.swift in Sources */ = {isa = PBXBuildFile; fileRef = 11B44B1E2A25FB5C001A0A59 /* BeersCollectionPresenter.swift */; };
		11B44B252A25FB5C001A0A59 /* BeersCollectionRouter.swift in Sources */ = {isa = PBXBuildFile; fileRef = 11B44B1F2A25FB5C001A0A59 /* BeersCollectionRouter.swift */; };
		11B44B262A25FB5C001A0A59 /* BeersCollectionModels.swift in Sources */ = {isa = PBXBuildFile; fileRef = 11B44B202A25FB5C001A0A59 /* BeersCollectionModels.swift */; };
		11B44B272A25FB5C001A0A59 /* BeersCollectionViewController.swift in Sources */ = {isa = PBXBuildFile; fileRef = 11B44B212A25FB5C001A0A59 /* BeersCollectionViewController.swift */; };
		11B44B282A25FB5C001A0A59 /* BeersCollectionInteractor.swift in Sources */ = {isa = PBXBuildFile; fileRef = 11B44B222A25FB5C001A0A59 /* BeersCollectionInteractor.swift */; };
		11B44B292A25FB5C001A0A59 /* BeersCollectionView.swift in Sources */ = {isa = PBXBuildFile; fileRef = 11B44B232A25FB5C001A0A59 /* BeersCollectionView.swift */; };
		11B44B312A261143001A0A59 /* FavoriteBeersPresenter.swift in Sources */ = {isa = PBXBuildFile; fileRef = 11B44B2B2A261143001A0A59 /* FavoriteBeersPresenter.swift */; };
		11B44B322A261143001A0A59 /* FavoriteBeersRouter.swift in Sources */ = {isa = PBXBuildFile; fileRef = 11B44B2C2A261143001A0A59 /* FavoriteBeersRouter.swift */; };
		11B44B332A261143001A0A59 /* FavoriteBeersModels.swift in Sources */ = {isa = PBXBuildFile; fileRef = 11B44B2D2A261143001A0A59 /* FavoriteBeersModels.swift */; };
		11B44B342A261143001A0A59 /* FavoriteBeersViewController.swift in Sources */ = {isa = PBXBuildFile; fileRef = 11B44B2E2A261143001A0A59 /* FavoriteBeersViewController.swift */; };
		11B44B352A261143001A0A59 /* FavoriteBeersInteractor.swift in Sources */ = {isa = PBXBuildFile; fileRef = 11B44B2F2A261143001A0A59 /* FavoriteBeersInteractor.swift */; };
		11B44B362A261143001A0A59 /* FavoriteBeersView.swift in Sources */ = {isa = PBXBuildFile; fileRef = 11B44B302A261143001A0A59 /* FavoriteBeersView.swift */; };
		11B44B392A265583001A0A59 /* UITabBarController.swift in Sources */ = {isa = PBXBuildFile; fileRef = 11B44B382A265583001A0A59 /* UITabBarController.swift */; };
/* End PBXBuildFile section */

/* Begin PBXContainerItemProxy section */
		1195ACFE2A24F5E500C02F28 /* PBXContainerItemProxy */ = {
			isa = PBXContainerItemProxy;
			containerPortal = 1195ACDC2A24F5E200C02F28 /* Project object */;
			proxyType = 1;
			remoteGlobalIDString = 1195ACE32A24F5E200C02F28;
			remoteInfo = VIP_01_Beers;
		};
		1195AD082A24F5E500C02F28 /* PBXContainerItemProxy */ = {
			isa = PBXContainerItemProxy;
			containerPortal = 1195ACDC2A24F5E200C02F28 /* Project object */;
			proxyType = 1;
			remoteGlobalIDString = 1195ACE32A24F5E200C02F28;
			remoteInfo = VIP_01_Beers;
		};
/* End PBXContainerItemProxy section */

/* Begin PBXFileReference section */
		11091D7A2A2B5A7E00101394 /* RequestTool.swift */ = {isa = PBXFileReference; lastKnownFileType = sourcecode.swift; path = RequestTool.swift; sourceTree = "<group>"; };
		110D2C662A27385B00511782 /* BeerButton.swift */ = {isa = PBXFileReference; lastKnownFileType = sourcecode.swift; path = BeerButton.swift; sourceTree = "<group>"; };
		110D2C6A2A27436900511782 /* BeerTxtField.swift */ = {isa = PBXFileReference; lastKnownFileType = sourcecode.swift; path = BeerTxtField.swift; sourceTree = "<group>"; };
		110D2C6D2A27624C00511782 /* UIViewControllerExt.swift */ = {isa = PBXFileReference; lastKnownFileType = sourcecode.swift; path = UIViewControllerExt.swift; sourceTree = "<group>"; };
		110D2C702A279C5200511782 /* BeersTitleLabel.swift */ = {isa = PBXFileReference; lastKnownFileType = sourcecode.swift; path = BeersTitleLabel.swift; sourceTree = "<group>"; };
		110D2C722A279D6F00511782 /* BeersBodyLabel.swift */ = {isa = PBXFileReference; lastKnownFileType = sourcecode.swift; path = BeersBodyLabel.swift; sourceTree = "<group>"; };
		110D2C772A27AC7300511782 /* BeersAlertVC.swift */ = {isa = PBXFileReference; lastKnownFileType = sourcecode.swift; path = BeersAlertVC.swift; sourceTree = "<group>"; };
		110D2C7A2A27AE1600511782 /* BeersAlertContainerView.swift */ = {isa = PBXFileReference; lastKnownFileType = sourcecode.swift; path = BeersAlertContainerView.swift; sourceTree = "<group>"; };
		110D2C7E2A288BFF00511782 /* BeerModel.swift */ = {isa = PBXFileReference; lastKnownFileType = sourcecode.swift; path = BeerModel.swift; sourceTree = "<group>"; };
		110D2C812A28B4D500511782 /* ApiError.swift */ = {isa = PBXFileReference; lastKnownFileType = sourcecode.swift; path = ApiError.swift; sourceTree = "<group>"; };
		110D2C852A28B80A00511782 /* BeersDataModel.xcdatamodel */ = {isa = PBXFileReference; lastKnownFileType = wrapper.xcdatamodel; path = BeersDataModel.xcdatamodel; sourceTree = "<group>"; };
		110D2C872A28BAA500511782 /* BeersWorker.swift */ = {isa = PBXFileReference; lastKnownFileType = sourcecode.swift; path = BeersWorker.swift; sourceTree = "<group>"; };
		1195ACE42A24F5E200C02F28 /* VIP_01_Beers.app */ = {isa = PBXFileReference; explicitFileType = wrapper.application; includeInIndex = 0; path = VIP_01_Beers.app; sourceTree = BUILT_PRODUCTS_DIR; };
		1195ACE72A24F5E200C02F28 /* AppDelegate.swift */ = {isa = PBXFileReference; lastKnownFileType = sourcecode.swift; path = AppDelegate.swift; sourceTree = "<group>"; };
		1195ACE92A24F5E200C02F28 /* SceneDelegate.swift */ = {isa = PBXFileReference; lastKnownFileType = sourcecode.swift; path = SceneDelegate.swift; sourceTree = "<group>"; };
		1195ACF32A24F5E500C02F28 /* Assets.xcassets */ = {isa = PBXFileReference; lastKnownFileType = folder.assetcatalog; path = Assets.xcassets; sourceTree = "<group>"; };
		1195ACF62A24F5E500C02F28 /* Base */ = {isa = PBXFileReference; lastKnownFileType = file.storyboard; name = Base; path = Base.lproj/LaunchScreen.storyboard; sourceTree = "<group>"; };
		1195ACF82A24F5E500C02F28 /* Info.plist */ = {isa = PBXFileReference; lastKnownFileType = text.plist.xml; path = Info.plist; sourceTree = "<group>"; };
		1195ACFD2A24F5E500C02F28 /* VIP_01_BeersTests.xctest */ = {isa = PBXFileReference; explicitFileType = wrapper.cfbundle; includeInIndex = 0; path = VIP_01_BeersTests.xctest; sourceTree = BUILT_PRODUCTS_DIR; };
		1195AD012A24F5E500C02F28 /* VIP_01_BeersTests.swift */ = {isa = PBXFileReference; lastKnownFileType = sourcecode.swift; path = VIP_01_BeersTests.swift; sourceTree = "<group>"; };
		1195AD072A24F5E500C02F28 /* VIP_01_BeersUITests.xctest */ = {isa = PBXFileReference; explicitFileType = wrapper.cfbundle; includeInIndex = 0; path = VIP_01_BeersUITests.xctest; sourceTree = BUILT_PRODUCTS_DIR; };
		1195AD0B2A24F5E500C02F28 /* VIP_01_BeersUITests.swift */ = {isa = PBXFileReference; lastKnownFileType = sourcecode.swift; path = VIP_01_BeersUITests.swift; sourceTree = "<group>"; };
		1195AD0D2A24F5E500C02F28 /* VIP_01_BeersUITestsLaunchTests.swift */ = {isa = PBXFileReference; lastKnownFileType = sourcecode.swift; path = VIP_01_BeersUITestsLaunchTests.swift; sourceTree = "<group>"; };
		11961C3D2A2A52430089DEDB /* BeerDetailsModel.swift */ = {isa = PBXFileReference; lastKnownFileType = sourcecode.swift; path = BeerDetailsModel.swift; sourceTree = "<group>"; };
		11B44B1E2A25FB5C001A0A59 /* BeersCollectionPresenter.swift */ = {isa = PBXFileReference; lastKnownFileType = sourcecode.swift; path = BeersCollectionPresenter.swift; sourceTree = "<group>"; };
		11B44B1F2A25FB5C001A0A59 /* BeersCollectionRouter.swift */ = {isa = PBXFileReference; lastKnownFileType = sourcecode.swift; path = BeersCollectionRouter.swift; sourceTree = "<group>"; };
		11B44B202A25FB5C001A0A59 /* BeersCollectionModels.swift */ = {isa = PBXFileReference; lastKnownFileType = sourcecode.swift; path = BeersCollectionModels.swift; sourceTree = "<group>"; };
		11B44B212A25FB5C001A0A59 /* BeersCollectionViewController.swift */ = {isa = PBXFileReference; lastKnownFileType = sourcecode.swift; path = BeersCollectionViewController.swift; sourceTree = "<group>"; };
		11B44B222A25FB5C001A0A59 /* BeersCollectionInteractor.swift */ = {isa = PBXFileReference; lastKnownFileType = sourcecode.swift; path = BeersCollectionInteractor.swift; sourceTree = "<group>"; };
		11B44B232A25FB5C001A0A59 /* BeersCollectionView.swift */ = {isa = PBXFileReference; lastKnownFileType = sourcecode.swift; path = BeersCollectionView.swift; sourceTree = "<group>"; };
		11B44B2B2A261143001A0A59 /* FavoriteBeersPresenter.swift */ = {isa = PBXFileReference; lastKnownFileType = sourcecode.swift; path = FavoriteBeersPresenter.swift; sourceTree = "<group>"; };
		11B44B2C2A261143001A0A59 /* FavoriteBeersRouter.swift */ = {isa = PBXFileReference; lastKnownFileType = sourcecode.swift; path = FavoriteBeersRouter.swift; sourceTree = "<group>"; };
		11B44B2D2A261143001A0A59 /* FavoriteBeersModels.swift */ = {isa = PBXFileReference; lastKnownFileType = sourcecode.swift; path = FavoriteBeersModels.swift; sourceTree = "<group>"; };
		11B44B2E2A261143001A0A59 /* FavoriteBeersViewController.swift */ = {isa = PBXFileReference; lastKnownFileType = sourcecode.swift; path = FavoriteBeersViewController.swift; sourceTree = "<group>"; };
		11B44B2F2A261143001A0A59 /* FavoriteBeersInteractor.swift */ = {isa = PBXFileReference; lastKnownFileType = sourcecode.swift; path = FavoriteBeersInteractor.swift; sourceTree = "<group>"; };
		11B44B302A261143001A0A59 /* FavoriteBeersView.swift */ = {isa = PBXFileReference; lastKnownFileType = sourcecode.swift; path = FavoriteBeersView.swift; sourceTree = "<group>"; };
		11B44B382A265583001A0A59 /* UITabBarController.swift */ = {isa = PBXFileReference; lastKnownFileType = sourcecode.swift; path = UITabBarController.swift; sourceTree = "<group>"; };
/* End PBXFileReference section */

/* Begin PBXFrameworksBuildPhase section */
		1195ACE12A24F5E200C02F28 /* Frameworks */ = {
			isa = PBXFrameworksBuildPhase;
			buildActionMask = 2147483647;
			files = (
			);
			runOnlyForDeploymentPostprocessing = 0;
		};
		1195ACFA2A24F5E500C02F28 /* Frameworks */ = {
			isa = PBXFrameworksBuildPhase;
			buildActionMask = 2147483647;
			files = (
			);
			runOnlyForDeploymentPostprocessing = 0;
		};
		1195AD042A24F5E500C02F28 /* Frameworks */ = {
			isa = PBXFrameworksBuildPhase;
			buildActionMask = 2147483647;
			files = (
			);
			runOnlyForDeploymentPostprocessing = 0;
		};
/* End PBXFrameworksBuildPhase section */

/* Begin PBXGroup section */
		110D2C652A2737CC00511782 /* CustomViews */ = {
			isa = PBXGroup;
			children = (
				110D2C6F2A279C2400511782 /* Labels */,
				110D2C692A27434A00511782 /* TextFields */,
				110D2C682A27432C00511782 /* Buttons */,
			);
			path = CustomViews;
			sourceTree = "<group>";
		};
		110D2C682A27432C00511782 /* Buttons */ = {
			isa = PBXGroup;
			children = (
				110D2C662A27385B00511782 /* BeerButton.swift */,
			);
			path = Buttons;
			sourceTree = "<group>";
		};
		110D2C692A27434A00511782 /* TextFields */ = {
			isa = PBXGroup;
			children = (
				110D2C6A2A27436900511782 /* BeerTxtField.swift */,
			);
			path = TextFields;
			sourceTree = "<group>";
		};
		110D2C6C2A27623700511782 /* UIKitExtensions */ = {
			isa = PBXGroup;
			children = (
				110D2C6D2A27624C00511782 /* UIViewControllerExt.swift */,
			);
			path = UIKitExtensions;
			sourceTree = "<group>";
		};
		110D2C6F2A279C2400511782 /* Labels */ = {
			isa = PBXGroup;
			children = (
				110D2C702A279C5200511782 /* BeersTitleLabel.swift */,
				110D2C722A279D6F00511782 /* BeersBodyLabel.swift */,
			);
			path = Labels;
			sourceTree = "<group>";
		};
		110D2C742A279EB200511782 /* ViewControllers */ = {
			isa = PBXGroup;
			children = (
				110D2C772A27AC7300511782 /* BeersAlertVC.swift */,
			);
			path = ViewControllers;
			sourceTree = "<group>";
		};
		110D2C792A27ADDC00511782 /* Views */ = {
			isa = PBXGroup;
			children = (
				110D2C7A2A27AE1600511782 /* BeersAlertContainerView.swift */,
			);
			path = Views;
			sourceTree = "<group>";
		};
		110D2C7C2A287F2300511782 /* Support */ = {
			isa = PBXGroup;
			children = (
				1195ACF82A24F5E500C02F28 /* Info.plist */,
				1195ACF32A24F5E500C02F28 /* Assets.xcassets */,
				1195ACF52A24F5E500C02F28 /* LaunchScreen.storyboard */,
				1195ACE72A24F5E200C02F28 /* AppDelegate.swift */,
				1195ACE92A24F5E200C02F28 /* SceneDelegate.swift */,
			);
			path = Support;
			sourceTree = "<group>";
		};
		110D2C7D2A288BA200511782 /* EntitiesOrModels */ = {
			isa = PBXGroup;
			children = (
				110D2C7E2A288BFF00511782 /* BeerModel.swift */,
				11961C3D2A2A52430089DEDB /* BeerDetailsModel.swift */,
				110D2C842A28B80A00511782 /* BeersDataModel.xcdatamodeld */,
			);
			path = EntitiesOrModels;
			sourceTree = "<group>";
		};
		110D2C802A28B36100511782 /* Utilities */ = {
			isa = PBXGroup;
			children = (
				110D2C812A28B4D500511782 /* ApiError.swift */,
				11091D7A2A2B5A7E00101394 /* RequestTool.swift */,
			);
			path = Utilities;
			sourceTree = "<group>";
		};
		110D2C832A28B78600511782 /* Workers */ = {
			isa = PBXGroup;
			children = (
				110D2C872A28BAA500511782 /* BeersWorker.swift */,
			);
			path = Workers;
			sourceTree = "<group>";
		};
		1195ACDB2A24F5E200C02F28 = {
			isa = PBXGroup;
			children = (
				1195ACE62A24F5E200C02F28 /* VIP_01_Beers */,
				1195AD002A24F5E500C02F28 /* VIP_01_BeersTests */,
				1195AD0A2A24F5E500C02F28 /* VIP_01_BeersUITests */,
				1195ACE52A24F5E200C02F28 /* Products */,
			);
			sourceTree = "<group>";
		};
		1195ACE52A24F5E200C02F28 /* Products */ = {
			isa = PBXGroup;
			children = (
				1195ACE42A24F5E200C02F28 /* VIP_01_Beers.app */,
				1195ACFD2A24F5E500C02F28 /* VIP_01_BeersTests.xctest */,
				1195AD072A24F5E500C02F28 /* VIP_01_BeersUITests.xctest */,
			);
			name = Products;
			sourceTree = "<group>";
		};
		1195ACE62A24F5E200C02F28 /* VIP_01_Beers */ = {
			isa = PBXGroup;
			children = (
				110D2C652A2737CC00511782 /* CustomViews */,
				110D2C7D2A288BA200511782 /* EntitiesOrModels */,
				1195AD1B2A25EDB600C02F28 /* Scenes */,
				110D2C7C2A287F2300511782 /* Support */,
				11B44B372A265562001A0A59 /* TabBarControllers */,
				110D2C6C2A27623700511782 /* UIKitExtensions */,
				110D2C802A28B36100511782 /* Utilities */,
				110D2C792A27ADDC00511782 /* Views */,
				110D2C742A279EB200511782 /* ViewControllers */,
				110D2C832A28B78600511782 /* Workers */,
			);
			path = VIP_01_Beers;
			sourceTree = "<group>";
		};
		1195AD002A24F5E500C02F28 /* VIP_01_BeersTests */ = {
			isa = PBXGroup;
			children = (
				1195AD012A24F5E500C02F28 /* VIP_01_BeersTests.swift */,
			);
			path = VIP_01_BeersTests;
			sourceTree = "<group>";
		};
		1195AD0A2A24F5E500C02F28 /* VIP_01_BeersUITests */ = {
			isa = PBXGroup;
			children = (
				1195AD0B2A24F5E500C02F28 /* VIP_01_BeersUITests.swift */,
				1195AD0D2A24F5E500C02F28 /* VIP_01_BeersUITestsLaunchTests.swift */,
			);
			path = VIP_01_BeersUITests;
			sourceTree = "<group>";
		};
		1195AD1A2A25ED7D00C02F28 /* BeersCollection */ = {
			isa = PBXGroup;
			children = (
				11B44B232A25FB5C001A0A59 /* BeersCollectionView.swift */,
				11B44B212A25FB5C001A0A59 /* BeersCollectionViewController.swift */,
				11B44B222A25FB5C001A0A59 /* BeersCollectionInteractor.swift */,
				11B44B1E2A25FB5C001A0A59 /* BeersCollectionPresenter.swift */,
				11B44B1F2A25FB5C001A0A59 /* BeersCollectionRouter.swift */,
				11B44B202A25FB5C001A0A59 /* BeersCollectionModels.swift */,
			);
			path = BeersCollection;
			sourceTree = "<group>";
		};
		1195AD1B2A25EDB600C02F28 /* Scenes */ = {
			isa = PBXGroup;
			children = (
				1195AD1A2A25ED7D00C02F28 /* BeersCollection */,
				11B44B2A2A261122001A0A59 /* FavoriteBeers */,
			);
			path = Scenes;
			sourceTree = "<group>";
		};
		11B44B2A2A261122001A0A59 /* FavoriteBeers */ = {
			isa = PBXGroup;
			children = (
				11B44B302A261143001A0A59 /* FavoriteBeersView.swift */,
				11B44B2E2A261143001A0A59 /* FavoriteBeersViewController.swift */,
				11B44B2F2A261143001A0A59 /* FavoriteBeersInteractor.swift */,
				11B44B2B2A261143001A0A59 /* FavoriteBeersPresenter.swift */,
				11B44B2C2A261143001A0A59 /* FavoriteBeersRouter.swift */,
				11B44B2D2A261143001A0A59 /* FavoriteBeersModels.swift */,
			);
			path = FavoriteBeers;
			sourceTree = "<group>";
		};
		11B44B372A265562001A0A59 /* TabBarControllers */ = {
			isa = PBXGroup;
			children = (
				11B44B382A265583001A0A59 /* UITabBarController.swift */,
			);
			path = TabBarControllers;
			sourceTree = "<group>";
		};
/* End PBXGroup section */

/* Begin PBXNativeTarget section */
		1195ACE32A24F5E200C02F28 /* VIP_01_Beers */ = {
			isa = PBXNativeTarget;
			buildConfigurationList = 1195AD112A24F5E500C02F28 /* Build configuration list for PBXNativeTarget "VIP_01_Beers" */;
			buildPhases = (
				1195ACE02A24F5E200C02F28 /* Sources */,
				1195ACE12A24F5E200C02F28 /* Frameworks */,
				1195ACE22A24F5E200C02F28 /* Resources */,
			);
			buildRules = (
			);
			dependencies = (
			);
			name = VIP_01_Beers;
			productName = VIP_01_Beers;
			productReference = 1195ACE42A24F5E200C02F28 /* VIP_01_Beers.app */;
			productType = "com.apple.product-type.application";
		};
		1195ACFC2A24F5E500C02F28 /* VIP_01_BeersTests */ = {
			isa = PBXNativeTarget;
			buildConfigurationList = 1195AD142A24F5E500C02F28 /* Build configuration list for PBXNativeTarget "VIP_01_BeersTests" */;
			buildPhases = (
				1195ACF92A24F5E500C02F28 /* Sources */,
				1195ACFA2A24F5E500C02F28 /* Frameworks */,
				1195ACFB2A24F5E500C02F28 /* Resources */,
			);
			buildRules = (
			);
			dependencies = (
				1195ACFF2A24F5E500C02F28 /* PBXTargetDependency */,
			);
			name = VIP_01_BeersTests;
			productName = VIP_01_BeersTests;
			productReference = 1195ACFD2A24F5E500C02F28 /* VIP_01_BeersTests.xctest */;
			productType = "com.apple.product-type.bundle.unit-test";
		};
		1195AD062A24F5E500C02F28 /* VIP_01_BeersUITests */ = {
			isa = PBXNativeTarget;
			buildConfigurationList = 1195AD172A24F5E500C02F28 /* Build configuration list for PBXNativeTarget "VIP_01_BeersUITests" */;
			buildPhases = (
				1195AD032A24F5E500C02F28 /* Sources */,
				1195AD042A24F5E500C02F28 /* Frameworks */,
				1195AD052A24F5E500C02F28 /* Resources */,
			);
			buildRules = (
			);
			dependencies = (
				1195AD092A24F5E500C02F28 /* PBXTargetDependency */,
			);
			name = VIP_01_BeersUITests;
			productName = VIP_01_BeersUITests;
			productReference = 1195AD072A24F5E500C02F28 /* VIP_01_BeersUITests.xctest */;
			productType = "com.apple.product-type.bundle.ui-testing";
		};
/* End PBXNativeTarget section */

/* Begin PBXProject section */
		1195ACDC2A24F5E200C02F28 /* Project object */ = {
			isa = PBXProject;
			attributes = {
				BuildIndependentTargetsInParallel = 1;
				LastSwiftUpdateCheck = 1430;
				LastUpgradeCheck = 1430;
				TargetAttributes = {
					1195ACE32A24F5E200C02F28 = {
						CreatedOnToolsVersion = 14.3;
					};
					1195ACFC2A24F5E500C02F28 = {
						CreatedOnToolsVersion = 14.3;
						TestTargetID = 1195ACE32A24F5E200C02F28;
					};
					1195AD062A24F5E500C02F28 = {
						CreatedOnToolsVersion = 14.3;
						TestTargetID = 1195ACE32A24F5E200C02F28;
					};
				};
			};
			buildConfigurationList = 1195ACDF2A24F5E200C02F28 /* Build configuration list for PBXProject "VIP_01_Beers" */;
			compatibilityVersion = "Xcode 14.0";
			developmentRegion = en;
			hasScannedForEncodings = 0;
			knownRegions = (
				en,
				Base,
			);
			mainGroup = 1195ACDB2A24F5E200C02F28;
			productRefGroup = 1195ACE52A24F5E200C02F28 /* Products */;
			projectDirPath = "";
			projectRoot = "";
			targets = (
				1195ACE32A24F5E200C02F28 /* VIP_01_Beers */,
				1195ACFC2A24F5E500C02F28 /* VIP_01_BeersTests */,
				1195AD062A24F5E500C02F28 /* VIP_01_BeersUITests */,
			);
		};
/* End PBXProject section */

/* Begin PBXResourcesBuildPhase section */
		1195ACE22A24F5E200C02F28 /* Resources */ = {
			isa = PBXResourcesBuildPhase;
			buildActionMask = 2147483647;
			files = (
				1195ACF72A24F5E500C02F28 /* LaunchScreen.storyboard in Resources */,
				1195ACF42A24F5E500C02F28 /* Assets.xcassets in Resources */,
			);
			runOnlyForDeploymentPostprocessing = 0;
		};
		1195ACFB2A24F5E500C02F28 /* Resources */ = {
			isa = PBXResourcesBuildPhase;
			buildActionMask = 2147483647;
			files = (
			);
			runOnlyForDeploymentPostprocessing = 0;
		};
		1195AD052A24F5E500C02F28 /* Resources */ = {
			isa = PBXResourcesBuildPhase;
			buildActionMask = 2147483647;
			files = (
			);
			runOnlyForDeploymentPostprocessing = 0;
		};
/* End PBXResourcesBuildPhase section */

/* Begin PBXSourcesBuildPhase section */
		1195ACE02A24F5E200C02F28 /* Sources */ = {
			isa = PBXSourcesBuildPhase;
			buildActionMask = 2147483647;
			files = (
				11B44B392A265583001A0A59 /* UITabBarController.swift in Sources */,
				11B44B342A261143001A0A59 /* FavoriteBeersViewController.swift in Sources */,
				11B44B312A261143001A0A59 /* FavoriteBeersPresenter.swift in Sources */,
				110D2C782A27AC7300511782 /* BeersAlertVC.swift in Sources */,
				110D2C732A279D6F00511782 /* BeersBodyLabel.swift in Sources */,
				11B44B322A261143001A0A59 /* FavoriteBeersRouter.swift in Sources */,
				11B44B332A261143001A0A59 /* FavoriteBeersModels.swift in Sources */,
				11091D7B2A2B5A7E00101394 /* RequestTool.swift in Sources */,
				11B44B272A25FB5C001A0A59 /* BeersCollectionViewController.swift in Sources */,
				1195ACE82A24F5E200C02F28 /* AppDelegate.swift in Sources */,
				11B44B242A25FB5C001A0A59 /* BeersCollectionPresenter.swift in Sources */,
				110D2C862A28B80A00511782 /* BeersDataModel.xcdatamodeld in Sources */,
				110D2C7B2A27AE1600511782 /* BeersAlertContainerView.swift in Sources */,
				11B44B282A25FB5C001A0A59 /* BeersCollectionInteractor.swift in Sources */,
				110D2C882A28BAA500511782 /* BeersWorker.swift in Sources */,
				11B44B292A25FB5C001A0A59 /* BeersCollectionView.swift in Sources */,
				110D2C712A279C5200511782 /* BeersTitleLabel.swift in Sources */,
				11B44B352A261143001A0A59 /* FavoriteBeersInteractor.swift in Sources */,
				110D2C672A27385B00511782 /* BeerButton.swift in Sources */,
				110D2C7F2A288BFF00511782 /* BeerModel.swift in Sources */,
				11B44B262A25FB5C001A0A59 /* BeersCollectionModels.swift in Sources */,
				110D2C6E2A27624C00511782 /* UIViewControllerExt.swift in Sources */,
				11961C3E2A2A52430089DEDB /* BeerDetailsModel.swift in Sources */,
				11B44B252A25FB5C001A0A59 /* BeersCollectionRouter.swift in Sources */,
				11B44B362A261143001A0A59 /* FavoriteBeersView.swift in Sources */,
				1195ACEA2A24F5E200C02F28 /* SceneDelegate.swift in Sources */,
				110D2C822A28B4D500511782 /* ApiError.swift in Sources */,
				110D2C6B2A27436900511782 /* BeerTxtField.swift in Sources */,
			);
			runOnlyForDeploymentPostprocessing = 0;
		};
		1195ACF92A24F5E500C02F28 /* Sources */ = {
			isa = PBXSourcesBuildPhase;
			buildActionMask = 2147483647;
			files = (
				1195AD022A24F5E500C02F28 /* VIP_01_BeersTests.swift in Sources */,
			);
			runOnlyForDeploymentPostprocessing = 0;
		};
		1195AD032A24F5E500C02F28 /* Sources */ = {
			isa = PBXSourcesBuildPhase;
			buildActionMask = 2147483647;
			files = (
				1195AD0C2A24F5E500C02F28 /* VIP_01_BeersUITests.swift in Sources */,
				1195AD0E2A24F5E500C02F28 /* VIP_01_BeersUITestsLaunchTests.swift in Sources */,
			);
			runOnlyForDeploymentPostprocessing = 0;
		};
/* End PBXSourcesBuildPhase section */

/* Begin PBXTargetDependency section */
		1195ACFF2A24F5E500C02F28 /* PBXTargetDependency */ = {
			isa = PBXTargetDependency;
			target = 1195ACE32A24F5E200C02F28 /* VIP_01_Beers */;
			targetProxy = 1195ACFE2A24F5E500C02F28 /* PBXContainerItemProxy */;
		};
		1195AD092A24F5E500C02F28 /* PBXTargetDependency */ = {
			isa = PBXTargetDependency;
			target = 1195ACE32A24F5E200C02F28 /* VIP_01_Beers */;
			targetProxy = 1195AD082A24F5E500C02F28 /* PBXContainerItemProxy */;
		};
/* End PBXTargetDependency section */

/* Begin PBXVariantGroup section */
		1195ACF52A24F5E500C02F28 /* LaunchScreen.storyboard */ = {
			isa = PBXVariantGroup;
			children = (
				1195ACF62A24F5E500C02F28 /* Base */,
			);
			name = LaunchScreen.storyboard;
			sourceTree = "<group>";
		};
/* End PBXVariantGroup section */

/* Begin XCBuildConfiguration section */
		1195AD0F2A24F5E500C02F28 /* Debug */ = {
			isa = XCBuildConfiguration;
			buildSettings = {
				ALWAYS_SEARCH_USER_PATHS = NO;
				CLANG_ANALYZER_NONNULL = YES;
				CLANG_ANALYZER_NUMBER_OBJECT_CONVERSION = YES_AGGRESSIVE;
				CLANG_CXX_LANGUAGE_STANDARD = "gnu++20";
				CLANG_ENABLE_MODULES = YES;
				CLANG_ENABLE_OBJC_ARC = YES;
				CLANG_ENABLE_OBJC_WEAK = YES;
				CLANG_WARN_BLOCK_CAPTURE_AUTORELEASING = YES;
				CLANG_WARN_BOOL_CONVERSION = YES;
				CLANG_WARN_COMMA = YES;
				CLANG_WARN_CONSTANT_CONVERSION = YES;
				CLANG_WARN_DEPRECATED_OBJC_IMPLEMENTATIONS = YES;
				CLANG_WARN_DIRECT_OBJC_ISA_USAGE = YES_ERROR;
				CLANG_WARN_DOCUMENTATION_COMMENTS = YES;
				CLANG_WARN_EMPTY_BODY = YES;
				CLANG_WARN_ENUM_CONVERSION = YES;
				CLANG_WARN_INFINITE_RECURSION = YES;
				CLANG_WARN_INT_CONVERSION = YES;
				CLANG_WARN_NON_LITERAL_NULL_CONVERSION = YES;
				CLANG_WARN_OBJC_IMPLICIT_RETAIN_SELF = YES;
				CLANG_WARN_OBJC_LITERAL_CONVERSION = YES;
				CLANG_WARN_OBJC_ROOT_CLASS = YES_ERROR;
				CLANG_WARN_QUOTED_INCLUDE_IN_FRAMEWORK_HEADER = YES;
				CLANG_WARN_RANGE_LOOP_ANALYSIS = YES;
				CLANG_WARN_STRICT_PROTOTYPES = YES;
				CLANG_WARN_SUSPICIOUS_MOVE = YES;
				CLANG_WARN_UNGUARDED_AVAILABILITY = YES_AGGRESSIVE;
				CLANG_WARN_UNREACHABLE_CODE = YES;
				CLANG_WARN__DUPLICATE_METHOD_MATCH = YES;
				COPY_PHASE_STRIP = NO;
				DEBUG_INFORMATION_FORMAT = dwarf;
				ENABLE_STRICT_OBJC_MSGSEND = YES;
				ENABLE_TESTABILITY = YES;
				GCC_C_LANGUAGE_STANDARD = gnu11;
				GCC_DYNAMIC_NO_PIC = NO;
				GCC_NO_COMMON_BLOCKS = YES;
				GCC_OPTIMIZATION_LEVEL = 0;
				GCC_PREPROCESSOR_DEFINITIONS = (
					"DEBUG=1",
					"$(inherited)",
				);
				GCC_WARN_64_TO_32_BIT_CONVERSION = YES;
				GCC_WARN_ABOUT_RETURN_TYPE = YES_ERROR;
				GCC_WARN_UNDECLARED_SELECTOR = YES;
				GCC_WARN_UNINITIALIZED_AUTOS = YES_AGGRESSIVE;
				GCC_WARN_UNUSED_FUNCTION = YES;
				GCC_WARN_UNUSED_VARIABLE = YES;
				IPHONEOS_DEPLOYMENT_TARGET = 16.4;
				MTL_ENABLE_DEBUG_INFO = INCLUDE_SOURCE;
				MTL_FAST_MATH = YES;
				ONLY_ACTIVE_ARCH = YES;
				SDKROOT = iphoneos;
				SWIFT_ACTIVE_COMPILATION_CONDITIONS = DEBUG;
				SWIFT_OPTIMIZATION_LEVEL = "-Onone";
			};
			name = Debug;
		};
		1195AD102A24F5E500C02F28 /* Release */ = {
			isa = XCBuildConfiguration;
			buildSettings = {
				ALWAYS_SEARCH_USER_PATHS = NO;
				CLANG_ANALYZER_NONNULL = YES;
				CLANG_ANALYZER_NUMBER_OBJECT_CONVERSION = YES_AGGRESSIVE;
				CLANG_CXX_LANGUAGE_STANDARD = "gnu++20";
				CLANG_ENABLE_MODULES = YES;
				CLANG_ENABLE_OBJC_ARC = YES;
				CLANG_ENABLE_OBJC_WEAK = YES;
				CLANG_WARN_BLOCK_CAPTURE_AUTORELEASING = YES;
				CLANG_WARN_BOOL_CONVERSION = YES;
				CLANG_WARN_COMMA = YES;
				CLANG_WARN_CONSTANT_CONVERSION = YES;
				CLANG_WARN_DEPRECATED_OBJC_IMPLEMENTATIONS = YES;
				CLANG_WARN_DIRECT_OBJC_ISA_USAGE = YES_ERROR;
				CLANG_WARN_DOCUMENTATION_COMMENTS = YES;
				CLANG_WARN_EMPTY_BODY = YES;
				CLANG_WARN_ENUM_CONVERSION = YES;
				CLANG_WARN_INFINITE_RECURSION = YES;
				CLANG_WARN_INT_CONVERSION = YES;
				CLANG_WARN_NON_LITERAL_NULL_CONVERSION = YES;
				CLANG_WARN_OBJC_IMPLICIT_RETAIN_SELF = YES;
				CLANG_WARN_OBJC_LITERAL_CONVERSION = YES;
				CLANG_WARN_OBJC_ROOT_CLASS = YES_ERROR;
				CLANG_WARN_QUOTED_INCLUDE_IN_FRAMEWORK_HEADER = YES;
				CLANG_WARN_RANGE_LOOP_ANALYSIS = YES;
				CLANG_WARN_STRICT_PROTOTYPES = YES;
				CLANG_WARN_SUSPICIOUS_MOVE = YES;
				CLANG_WARN_UNGUARDED_AVAILABILITY = YES_AGGRESSIVE;
				CLANG_WARN_UNREACHABLE_CODE = YES;
				CLANG_WARN__DUPLICATE_METHOD_MATCH = YES;
				COPY_PHASE_STRIP = NO;
				DEBUG_INFORMATION_FORMAT = "dwarf-with-dsym";
				ENABLE_NS_ASSERTIONS = NO;
				ENABLE_STRICT_OBJC_MSGSEND = YES;
				GCC_C_LANGUAGE_STANDARD = gnu11;
				GCC_NO_COMMON_BLOCKS = YES;
				GCC_WARN_64_TO_32_BIT_CONVERSION = YES;
				GCC_WARN_ABOUT_RETURN_TYPE = YES_ERROR;
				GCC_WARN_UNDECLARED_SELECTOR = YES;
				GCC_WARN_UNINITIALIZED_AUTOS = YES_AGGRESSIVE;
				GCC_WARN_UNUSED_FUNCTION = YES;
				GCC_WARN_UNUSED_VARIABLE = YES;
				IPHONEOS_DEPLOYMENT_TARGET = 16.4;
				MTL_ENABLE_DEBUG_INFO = NO;
				MTL_FAST_MATH = YES;
				SDKROOT = iphoneos;
				SWIFT_COMPILATION_MODE = wholemodule;
				SWIFT_OPTIMIZATION_LEVEL = "-O";
				VALIDATE_PRODUCT = YES;
			};
			name = Release;
		};
		1195AD122A24F5E500C02F28 /* Debug */ = {
			isa = XCBuildConfiguration;
			buildSettings = {
				ASSETCATALOG_COMPILER_APPICON_NAME = AppIcon;
				ASSETCATALOG_COMPILER_GLOBAL_ACCENT_COLOR_NAME = AccentColor;
				CODE_SIGN_STYLE = Automatic;
				CURRENT_PROJECT_VERSION = 1;
				DEVELOPMENT_TEAM = 7B98K56955;
				GENERATE_INFOPLIST_FILE = YES;
				INFOPLIST_FILE = VIP_01_Beers/Support/Info.plist;
				INFOPLIST_KEY_UIApplicationSupportsIndirectInputEvents = YES;
				INFOPLIST_KEY_UILaunchStoryboardName = LaunchScreen;
				INFOPLIST_KEY_UISupportedInterfaceOrientations = UIInterfaceOrientationPortrait;
				INFOPLIST_KEY_UISupportedInterfaceOrientations_iPad = "UIInterfaceOrientationLandscapeLeft UIInterfaceOrientationLandscapeRight UIInterfaceOrientationPortrait UIInterfaceOrientationPortraitUpsideDown";
				LD_RUNPATH_SEARCH_PATHS = (
					"$(inherited)",
					"@executable_path/Frameworks",
				);
				MARKETING_VERSION = 1.0;
				PRODUCT_BUNDLE_IDENTIFIER = "JorgeFuentes.VIP-01-Beers";
				PRODUCT_NAME = "$(TARGET_NAME)";
				SUPPORTED_PLATFORMS = "iphoneos iphonesimulator";
				SUPPORTS_MACCATALYST = NO;
				SUPPORTS_MAC_DESIGNED_FOR_IPHONE_IPAD = YES;
				SWIFT_EMIT_LOC_STRINGS = YES;
				SWIFT_VERSION = 5.0;
				TARGETED_DEVICE_FAMILY = 1;
			};
			name = Debug;
		};
		1195AD132A24F5E500C02F28 /* Release */ = {
			isa = XCBuildConfiguration;
			buildSettings = {
				ASSETCATALOG_COMPILER_APPICON_NAME = AppIcon;
				ASSETCATALOG_COMPILER_GLOBAL_ACCENT_COLOR_NAME = AccentColor;
				CODE_SIGN_STYLE = Automatic;
				CURRENT_PROJECT_VERSION = 1;
				DEVELOPMENT_TEAM = 7B98K56955;
				GENERATE_INFOPLIST_FILE = YES;
				INFOPLIST_FILE = VIP_01_Beers/Support/Info.plist;
				INFOPLIST_KEY_UIApplicationSupportsIndirectInputEvents = YES;
				INFOPLIST_KEY_UILaunchStoryboardName = LaunchScreen;
				INFOPLIST_KEY_UISupportedInterfaceOrientations = UIInterfaceOrientationPortrait;
				INFOPLIST_KEY_UISupportedInterfaceOrientations_iPad = "UIInterfaceOrientationLandscapeLeft UIInterfaceOrientationLandscapeRight UIInterfaceOrientationPortrait UIInterfaceOrientationPortraitUpsideDown";
				LD_RUNPATH_SEARCH_PATHS = (
					"$(inherited)",
					"@executable_path/Frameworks",
				);
				MARKETING_VERSION = 1.0;
				PRODUCT_BUNDLE_IDENTIFIER = "JorgeFuentes.VIP-01-Beers";
				PRODUCT_NAME = "$(TARGET_NAME)";
				SUPPORTED_PLATFORMS = "iphoneos iphonesimulator";
				SUPPORTS_MACCATALYST = NO;
				SUPPORTS_MAC_DESIGNED_FOR_IPHONE_IPAD = YES;
				SWIFT_EMIT_LOC_STRINGS = YES;
				SWIFT_VERSION = 5.0;
				TARGETED_DEVICE_FAMILY = 1;
			};
			name = Release;
		};
		1195AD152A24F5E500C02F28 /* Debug */ = {
			isa = XCBuildConfiguration;
			buildSettings = {
				ALWAYS_EMBED_SWIFT_STANDARD_LIBRARIES = YES;
				BUNDLE_LOADER = "$(TEST_HOST)";
				CODE_SIGN_STYLE = Automatic;
				CURRENT_PROJECT_VERSION = 1;
				DEVELOPMENT_TEAM = 7B98K56955;
				GENERATE_INFOPLIST_FILE = YES;
				IPHONEOS_DEPLOYMENT_TARGET = 16.4;
				MARKETING_VERSION = 1.0;
				PRODUCT_BUNDLE_IDENTIFIER = "JorgeFuentes.VIP-01-BeersTests";
				PRODUCT_NAME = "$(TARGET_NAME)";
				SWIFT_EMIT_LOC_STRINGS = NO;
				SWIFT_VERSION = 5.0;
				TARGETED_DEVICE_FAMILY = "1,2";
				TEST_HOST = "$(BUILT_PRODUCTS_DIR)/VIP_01_Beers.app/$(BUNDLE_EXECUTABLE_FOLDER_PATH)/VIP_01_Beers";
			};
			name = Debug;
		};
		1195AD162A24F5E500C02F28 /* Release */ = {
			isa = XCBuildConfiguration;
			buildSettings = {
				ALWAYS_EMBED_SWIFT_STANDARD_LIBRARIES = YES;
				BUNDLE_LOADER = "$(TEST_HOST)";
				CODE_SIGN_STYLE = Automatic;
				CURRENT_PROJECT_VERSION = 1;
				DEVELOPMENT_TEAM = 7B98K56955;
				GENERATE_INFOPLIST_FILE = YES;
				IPHONEOS_DEPLOYMENT_TARGET = 16.4;
				MARKETING_VERSION = 1.0;
				PRODUCT_BUNDLE_IDENTIFIER = "JorgeFuentes.VIP-01-BeersTests";
				PRODUCT_NAME = "$(TARGET_NAME)";
				SWIFT_EMIT_LOC_STRINGS = NO;
				SWIFT_VERSION = 5.0;
				TARGETED_DEVICE_FAMILY = "1,2";
				TEST_HOST = "$(BUILT_PRODUCTS_DIR)/VIP_01_Beers.app/$(BUNDLE_EXECUTABLE_FOLDER_PATH)/VIP_01_Beers";
			};
			name = Release;
		};
		1195AD182A24F5E500C02F28 /* Debug */ = {
			isa = XCBuildConfiguration;
			buildSettings = {
				ALWAYS_EMBED_SWIFT_STANDARD_LIBRARIES = YES;
				CODE_SIGN_STYLE = Automatic;
				CURRENT_PROJECT_VERSION = 1;
				DEVELOPMENT_TEAM = 7B98K56955;
				GENERATE_INFOPLIST_FILE = YES;
				MARKETING_VERSION = 1.0;
				PRODUCT_BUNDLE_IDENTIFIER = "JorgeFuentes.VIP-01-BeersUITests";
				PRODUCT_NAME = "$(TARGET_NAME)";
				SWIFT_EMIT_LOC_STRINGS = NO;
				SWIFT_VERSION = 5.0;
				TARGETED_DEVICE_FAMILY = "1,2";
				TEST_TARGET_NAME = VIP_01_Beers;
			};
			name = Debug;
		};
		1195AD192A24F5E500C02F28 /* Release */ = {
			isa = XCBuildConfiguration;
			buildSettings = {
				ALWAYS_EMBED_SWIFT_STANDARD_LIBRARIES = YES;
				CODE_SIGN_STYLE = Automatic;
				CURRENT_PROJECT_VERSION = 1;
				DEVELOPMENT_TEAM = 7B98K56955;
				GENERATE_INFOPLIST_FILE = YES;
				MARKETING_VERSION = 1.0;
				PRODUCT_BUNDLE_IDENTIFIER = "JorgeFuentes.VIP-01-BeersUITests";
				PRODUCT_NAME = "$(TARGET_NAME)";
				SWIFT_EMIT_LOC_STRINGS = NO;
				SWIFT_VERSION = 5.0;
				TARGETED_DEVICE_FAMILY = "1,2";
				TEST_TARGET_NAME = VIP_01_Beers;
			};
			name = Release;
		};
/* End XCBuildConfiguration section */

/* Begin XCConfigurationList section */
		1195ACDF2A24F5E200C02F28 /* Build configuration list for PBXProject "VIP_01_Beers" */ = {
			isa = XCConfigurationList;
			buildConfigurations = (
				1195AD0F2A24F5E500C02F28 /* Debug */,
				1195AD102A24F5E500C02F28 /* Release */,
			);
			defaultConfigurationIsVisible = 0;
			defaultConfigurationName = Release;
		};
		1195AD112A24F5E500C02F28 /* Build configuration list for PBXNativeTarget "VIP_01_Beers" */ = {
			isa = XCConfigurationList;
			buildConfigurations = (
				1195AD122A24F5E500C02F28 /* Debug */,
				1195AD132A24F5E500C02F28 /* Release */,
			);
			defaultConfigurationIsVisible = 0;
			defaultConfigurationName = Release;
		};
		1195AD142A24F5E500C02F28 /* Build configuration list for PBXNativeTarget "VIP_01_BeersTests" */ = {
			isa = XCConfigurationList;
			buildConfigurations = (
				1195AD152A24F5E500C02F28 /* Debug */,
				1195AD162A24F5E500C02F28 /* Release */,
			);
			defaultConfigurationIsVisible = 0;
			defaultConfigurationName = Release;
		};
		1195AD172A24F5E500C02F28 /* Build configuration list for PBXNativeTarget "VIP_01_BeersUITests" */ = {
			isa = XCConfigurationList;
			buildConfigurations = (
				1195AD182A24F5E500C02F28 /* Debug */,
				1195AD192A24F5E500C02F28 /* Release */,
			);
			defaultConfigurationIsVisible = 0;
			defaultConfigurationName = Release;
		};
/* End XCConfigurationList section */

/* Begin XCVersionGroup section */
		110D2C842A28B80A00511782 /* BeersDataModel.xcdatamodeld */ = {
			isa = XCVersionGroup;
			children = (
				110D2C852A28B80A00511782 /* BeersDataModel.xcdatamodel */,
			);
			currentVersion = 110D2C852A28B80A00511782 /* BeersDataModel.xcdatamodel */;
			path = BeersDataModel.xcdatamodeld;
			sourceTree = "<group>";
			versionGroupType = wrapper.xcdatamodel;
		};
/* End XCVersionGroup section */
	};
	rootObject = 1195ACDC2A24F5E200C02F28 /* Project object */;
}
